<?xml version="1.0" encoding="utf-8"?>
<Project ToolsVersion="4.0" xmlns="http://schemas.microsoft.com/developer/msbuild/2003">
  <ItemGroup>
    <Filter Include="Resource Files">
      <UniqueIdentifier>{67DA6AB6-F800-4c08-8B7A-83BB121AAD01}</UniqueIdentifier>
      <Extensions>rc;ico;cur;bmp;dlg;rc2;rct;bin;rgs;gif;jpg;jpeg;jpe;resx;tiff;tif;png;wav;mfcribbon-ms</Extensions>
    </Filter>
    <Filter Include="Engine Files">
      <UniqueIdentifier>{93995380-89BD-4b04-88EB-625FBE52EBFB}</UniqueIdentifier>
      <Extensions>h;hh;hpp;hxx;hm;inl;inc;xsd</Extensions>
    </Filter>
    <Filter Include="Component Files">
      <UniqueIdentifier>{4FC737F1-C7A5-4376-A066-2A32D752A2FF}</UniqueIdentifier>
      <Extensions>cpp;c;cc;cxx;def;odl;idl;hpj;bat;asm;asmx</Extensions>
    </Filter>
    <Filter Include="Structs">
      <UniqueIdentifier>{bb594881-86f2-4cf0-8d8e-07a7ad1b91d7}</UniqueIdentifier>
    </Filter>
    <Filter Include="EventSystems">
      <UniqueIdentifier>{a91ea932-6dd1-43d6-8b55-8ca6e352557b}</UniqueIdentifier>
    </Filter>
  </ItemGroup>
  <ItemGroup>
    <ClInclude Include="Singleton.h">
      <Filter>Engine Files</Filter>
    </ClInclude>
    <ClInclude Include="ResourceManager.h">
      <Filter>Engine Files</Filter>
    </ClInclude>
    <ClInclude Include="Texture2D.h">
      <Filter>Engine Files</Filter>
    </ClInclude>
    <ClInclude Include="InputManager.h">
      <Filter>Engine Files</Filter>
    </ClInclude>
    <ClInclude Include="GameObject.h">
      <Filter>Engine Files</Filter>
    </ClInclude>
    <ClInclude Include="Transform.h">
      <Filter>Engine Files</Filter>
    </ClInclude>
    <ClInclude Include="Scene.h">
      <Filter>Engine Files</Filter>
    </ClInclude>
    <ClInclude Include="SceneManager.h">
      <Filter>Engine Files</Filter>
    </ClInclude>
    <ClInclude Include="TextObject.h">
      <Filter>Engine Files</Filter>
    </ClInclude>
    <ClInclude Include="SceneObject.h">
      <Filter>Engine Files</Filter>
    </ClInclude>
    <ClInclude Include="Font.h">
      <Filter>Engine Files</Filter>
    </ClInclude>
    <ClInclude Include="Time.h">
      <Filter>Engine Files</Filter>
    </ClInclude>
    <ClInclude Include="Component.h">
      <Filter>Engine Files</Filter>
    </ClInclude>
    <ClInclude Include="Renderer.h">
      <Filter>Engine Files</Filter>
    </ClInclude>
    <ClInclude Include="RenderComponent.h">
      <Filter>Component Files</Filter>
    </ClInclude>
    <ClInclude Include="SpriteRenderComponent.h">
      <Filter>Component Files</Filter>
    </ClInclude>
    <ClInclude Include="Structs.h">
      <Filter>Structs</Filter>
    </ClInclude>
    <ClInclude Include="CameraComponent.h">
      <Filter>Component Files</Filter>
    </ClInclude>
    <ClInclude Include="ColliderComponent.h">
      <Filter>Component Files</Filter>
    </ClInclude>
    <ClInclude Include="TaitEngine.h">
      <Filter>Engine Files</Filter>
    </ClInclude>
    <ClInclude Include="TaitPCH.h">
      <Filter>Engine Files</Filter>
    </ClInclude>
    <ClInclude Include="PseudoPhysicsComponent.h">
      <Filter>Component Files</Filter>
    </ClInclude>
    <ClInclude Include="EventSystem.h">
      <Filter>EventSystems</Filter>
    </ClInclude>
    <ClInclude Include="Observer.h">
      <Filter>EventSystems</Filter>
    </ClInclude>
    <ClInclude Include="CollisionObserver.h">
      <Filter>EventSystems</Filter>
    </ClInclude>
    <ClInclude Include="Command.h">
      <Filter>Engine Files</Filter>
    </ClInclude>
    <ClInclude Include="CharacterControllerComponent.h">
      <Filter>Component Files</Filter>
    </ClInclude>
  </ItemGroup>
  <ItemGroup>
    <ClCompile Include="Font.cpp">
      <Filter>Engine Files</Filter>
    </ClCompile>
    <ClCompile Include="GameObject.cpp">
      <Filter>Engine Files</Filter>
    </ClCompile>
    <ClCompile Include="InputManager.cpp">
      <Filter>Engine Files</Filter>
    </ClCompile>
    <ClCompile Include="ResourceManager.cpp">
      <Filter>Engine Files</Filter>
    </ClCompile>
    <ClCompile Include="Scene.cpp">
      <Filter>Engine Files</Filter>
    </ClCompile>
    <ClCompile Include="SceneManager.cpp">
      <Filter>Engine Files</Filter>
    </ClCompile>
    <ClCompile Include="TextObject.cpp">
      <Filter>Engine Files</Filter>
    </ClCompile>
    <ClCompile Include="Texture2D.cpp">
      <Filter>Engine Files</Filter>
    </ClCompile>
    <ClCompile Include="Time.cpp">
      <Filter>Engine Files</Filter>
    </ClCompile>
    <ClCompile Include="Transform.cpp">
      <Filter>Engine Files</Filter>
    </ClCompile>
    <ClCompile Include="Renderer.cpp">
      <Filter>Engine Files</Filter>
    </ClCompile>
    <ClCompile Include="RenderComponent.cpp">
      <Filter>Component Files</Filter>
    </ClCompile>
    <ClCompile Include="SpriteRenderComponent.cpp">
      <Filter>Component Files</Filter>
    </ClCompile>
    <ClCompile Include="CameraComponent.cpp">
      <Filter>Component Files</Filter>
    </ClCompile>
    <ClCompile Include="ColliderComponent.cpp">
      <Filter>Component Files</Filter>
    </ClCompile>
    <ClCompile Include="TaitEngine.cpp">
      <Filter>Engine Files</Filter>
    </ClCompile>
    <ClCompile Include="TaitPCH.cpp">
      <Filter>Engine Files</Filter>
    </ClCompile>
    <ClCompile Include="EventSystem.cpp">
      <Filter>EventSystems</Filter>
    </ClCompile>
    <ClCompile Include="CollisionObserver.cpp">
      <Filter>Component Files</Filter>
    </ClCompile>
    <ClCompile Include="PseudoPhysicsComponent.cpp">
      <Filter>Component Files</Filter>
    </ClCompile>
    <ClCompile Include="Command.cpp">
      <Filter>Engine Files</Filter>
    </ClCompile>
    <ClCompile Include="CharacterControllerComponent.cpp">
      <Filter>Component Files</Filter>
    </ClCompile>
  </ItemGroup>
</Project>